
Microsoft Visual Studio Solution File, Format Version 12.00
# Visual Studio Version 16
VisualStudioVersion = 16.0.31515.178
MinimumVisualStudioVersion = 10.0.40219.1
Project("{FAE04EC0-301F-11D3-BF4B-00C04F79EFBC}") = "DDTT_UI", "DDTT_UI\DDTT_UI.csproj", "{1E31E1A2-3870-4FEA-8C96-0FB15116820F}"
EndProject
Project("{FAE04EC0-301F-11D3-BF4B-00C04F79EFBC}") = "DDTT.ClassLib", "DDTT.UI_Commands.ClassLib\DDTT.ClassLib.csproj", "{BC41CC35-FA7F-43A9-B30F-1BF4C23DE9A6}"
EndProject
Project("{FAE04EC0-301F-11D3-BF4B-00C04F79EFBC}") = "DataAccess.ClassLib", "DataAccess.ClassLib\DataAccess.ClassLib.csproj", "{D176745A-DB48-4E89-A3AA-78759E69F410}"
EndProject
Global
	GlobalSection(SolutionConfigurationPlatforms) = preSolution
		Debug|Any CPU = Debug|Any CPU
		Release|Any CPU = Release|Any CPU
	EndGlobalSection
	GlobalSection(ProjectConfigurationPlatforms) = postSolution
		{1E31E1A2-3870-4FEA-8C96-0FB15116820F}.Debug|Any CPU.ActiveCfg = Debug|Any CPU
		{1E31E1A2-3870-4FEA-8C96-0FB15116820F}.Debug|Any CPU.Build.0 = Debug|Any CPU
		{1E31E1A2-3870-4FEA-8C96-0FB15116820F}.Release|Any CPU.ActiveCfg = Release|Any CPU
		{1E31E1A2-3870-4FEA-8C96-0FB15116820F}.Release|Any CPU.Build.0 = Release|Any CPU
		{BC41CC35-FA7F-43A9-B30F-1BF4C23DE9A6}.Debug|Any CPU.ActiveCfg = Debug|Any CPU
		{BC41CC35-FA7F-43A9-B30F-1BF4C23DE9A6}.Debug|Any CPU.Build.0 = Debug|Any CPU
		{BC41CC35-FA7F-43A9-B30F-1BF4C23DE9A6}.Release|Any CPU.ActiveCfg = Release|Any CPU
		{BC41CC35-FA7F-43A9-B30F-1BF4C23DE9A6}.Release|Any CPU.Build.0 = Release|Any CPU
		{D176745A-DB48-4E89-A3AA-78759E69F410}.Debug|Any CPU.ActiveCfg = Debug|Any CPU
		{D176745A-DB48-4E89-A3AA-78759E69F410}.Debug|Any CPU.Build.0 = Debug|Any CPU
		{D176745A-DB48-4E89-A3AA-78759E69F410}.Release|Any CPU.ActiveCfg = Release|Any CPU
		{D176745A-DB48-4E89-A3AA-78759E69F410}.Release|Any CPU.Build.0 = Release|Any CPU
	EndGlobalSection
	GlobalSection(SolutionProperties) = preSolution
		HideSolutionNode = FALSE
	EndGlobalSection
	GlobalSection(ExtensibilityGlobals) = postSolution
		SolutionGuid = {ECD491E9-2813-480D-8960-FE804A9E9C19}
	EndGlobalSection
EndGlobal
